// !$*UTF8*$!
{
	archiveVersion = 1;
	classes = {
	};
	objectVersion = 55;
	objects = {

/* Begin PBXBuildFile section */
		CAFBD6C9E8E813E2E8DCA512 /* Pods_FlickrMaps.framework in Frameworks */ = {isa = PBXBuildFile; fileRef = 64827FB481D6DD47DC1B6B06 /* Pods_FlickrMaps.framework */; };
		CE4376D028CB8EA30064BA22 /* AppDelegate.swift in Sources */ = {isa = PBXBuildFile; fileRef = CE4376CF28CB8EA30064BA22 /* AppDelegate.swift */; };
		CE4376D228CB8EA30064BA22 /* SceneDelegate.swift in Sources */ = {isa = PBXBuildFile; fileRef = CE4376D128CB8EA30064BA22 /* SceneDelegate.swift */; };
		CE4376D428CB8EA30064BA22 /* ViewController.swift in Sources */ = {isa = PBXBuildFile; fileRef = CE4376D328CB8EA30064BA22 /* ViewController.swift */; };
		CE4376D728CB8EA30064BA22 /* Main.storyboard in Resources */ = {isa = PBXBuildFile; fileRef = CE4376D528CB8EA30064BA22 /* Main.storyboard */; };
		CE4376D928CB8EA60064BA22 /* Assets.xcassets in Resources */ = {isa = PBXBuildFile; fileRef = CE4376D828CB8EA60064BA22 /* Assets.xcassets */; };
		CE4376DC28CB8EA60064BA22 /* LaunchScreen.storyboard in Resources */ = {isa = PBXBuildFile; fileRef = CE4376DA28CB8EA60064BA22 /* LaunchScreen.storyboard */; };
/* End PBXBuildFile section */

/* Begin PBXFileReference section */
		64827FB481D6DD47DC1B6B06 /* Pods_FlickrMaps.framework */ = {isa = PBXFileReference; explicitFileType = wrapper.framework; includeInIndex = 0; path = Pods_FlickrMaps.framework; sourceTree = BUILT_PRODUCTS_DIR; };
		CE4376CC28CB8EA30064BA22 /* FlickrMaps.app */ = {isa = PBXFileReference; explicitFileType = wrapper.application; includeInIndex = 0; path = FlickrMaps.app; sourceTree = BUILT_PRODUCTS_DIR; };
		CE4376CF28CB8EA30064BA22 /* AppDelegate.swift */ = {isa = PBXFileReference; lastKnownFileType = sourcecode.swift; path = AppDelegate.swift; sourceTree = "<group>"; };
		CE4376D128CB8EA30064BA22 /* SceneDelegate.swift */ = {isa = PBXFileReference; lastKnownFileType = sourcecode.swift; path = SceneDelegate.swift; sourceTree = "<group>"; };
		CE4376D328CB8EA30064BA22 /* ViewController.swift */ = {isa = PBXFileReference; lastKnownFileType = sourcecode.swift; path = ViewController.swift; sourceTree = "<group>"; };
		CE4376D628CB8EA30064BA22 /* Base */ = {isa = PBXFileReference; lastKnownFileType = file.storyboard; name = Base; path = Base.lproj/Main.storyboard; sourceTree = "<group>"; };
		CE4376D828CB8EA60064BA22 /* Assets.xcassets */ = {isa = PBXFileReference; lastKnownFileType = folder.assetcatalog; path = Assets.xcassets; sourceTree = "<group>"; };
		CE4376DB28CB8EA60064BA22 /* Base */ = {isa = PBXFileReference; lastKnownFileType = file.storyboard; name = Base; path = Base.lproj/LaunchScreen.storyboard; sourceTree = "<group>"; };
		CE4376DD28CB8EA60064BA22 /* Info.plist */ = {isa = PBXFileReference; lastKnownFileType = text.plist.xml; path = Info.plist; sourceTree = "<group>"; };
		EE0B5E237CEC6C6C9E7F3C4C /* Pods-FlickrMaps.release.xcconfig */ = {isa = PBXFileReference; includeInIndex = 1; lastKnownFileType = text.xcconfig; name = "Pods-FlickrMaps.release.xcconfig"; path = "Target Support Files/Pods-FlickrMaps/Pods-FlickrMaps.release.xcconfig"; sourceTree = "<group>"; };
		FB1D8F85FD83702E1E913028 /* Pods-FlickrMaps.debug.xcconfig */ = {isa = PBXFileReference; includeInIndex = 1; lastKnownFileType = text.xcconfig; name = "Pods-FlickrMaps.debug.xcconfig"; path = "Target Support Files/Pods-FlickrMaps/Pods-FlickrMaps.debug.xcconfig"; sourceTree = "<group>"; };
/* End PBXFileReference section */

/* Begin PBXFrameworksBuildPhase section */
		CE4376C928CB8EA30064BA22 /* Frameworks */ = {
			isa = PBXFrameworksBuildPhase;
			buildActionMask = 2147483647;
			files = (
				CAFBD6C9E8E813E2E8DCA512 /* Pods_FlickrMaps.framework in Frameworks */,
			);
			runOnlyForDeploymentPostprocessing = 0;
		};
/* End PBXFrameworksBuildPhase section */

/* Begin PBXGroup section */
		7C176EF34AEA0E2F1DD6D75D /* Frameworks */ = {
			isa = PBXGroup;
			children = (
				64827FB481D6DD47DC1B6B06 /* Pods_FlickrMaps.framework */,
			);
			name = Frameworks;
			sourceTree = "<group>";
		};
		7EA0FC538EBF53D4918D4494 /* Pods */ = {
			isa = PBXGroup;
			children = (
				FB1D8F85FD83702E1E913028 /* Pods-FlickrMaps.debug.xcconfig */,
				EE0B5E237CEC6C6C9E7F3C4C /* Pods-FlickrMaps.release.xcconfig */,
			);
			path = Pods;
			sourceTree = "<group>";
		};
		CE4376C328CB8EA30064BA22 = {
			isa = PBXGroup;
			children = (
				CE4376CE28CB8EA30064BA22 /* FlickrMaps */,
				CE4376CD28CB8EA30064BA22 /* Products */,
				7EA0FC538EBF53D4918D4494 /* Pods */,
				7C176EF34AEA0E2F1DD6D75D /* Frameworks */,
			);
			sourceTree = "<group>";
		};
		CE4376CD28CB8EA30064BA22 /* Products */ = {
			isa = PBXGroup;
			children = (
				CE4376CC28CB8EA30064BA22 /* FlickrMaps.app */,
			);
			name = Products;
			sourceTree = "<group>";
		};
		CE4376CE28CB8EA30064BA22 /* FlickrMaps */ = {
			isa = PBXGroup;
			children = (
				CE4376CF28CB8EA30064BA22 /* AppDelegate.swift */,
				CE4376D128CB8EA30064BA22 /* SceneDelegate.swift */,
				CE4376D328CB8EA30064BA22 /* ViewController.swift */,
				CE4376D528CB8EA30064BA22 /* Main.storyboard */,
				CE4376D828CB8EA60064BA22 /* Assets.xcassets */,
				CE4376DA28CB8EA60064BA22 /* LaunchScreen.storyboard */,
				CE4376DD28CB8EA60064BA22 /* Info.plist */,
			);
			path = FlickrMaps;
			sourceTree = "<group>";
		};
/* End PBXGroup section */

/* Begin PBXNativeTarget section */
		CE4376CB28CB8EA30064BA22 /* FlickrMaps */ = {
			isa = PBXNativeTarget;
			buildConfigurationList = CE4376E028CB8EA60064BA22 /* Build configuration list for PBXNativeTarget "FlickrMaps" */;
			buildPhases = (
				E5A8CB0B02CAD1D4D8283485 /* [CP] Check Pods Manifest.lock */,
				CE4376C828CB8EA30064BA22 /* Sources */,
				CE4376C928CB8EA30064BA22 /* Frameworks */,
				CE4376CA28CB8EA30064BA22 /* Resources */,
				B4EB7EDA838F9CABB4431F34 /* [CP] Copy Pods Resources */,
			);
			buildRules = (
			);
			dependencies = (
			);
			name = FlickrMaps;
			productName = FlickrMaps;
			productReference = CE4376CC28CB8EA30064BA22 /* FlickrMaps.app */;
			productType = "com.apple.product-type.application";
		};
/* End PBXNativeTarget section */

/* Begin PBXProject section */
		CE4376C428CB8EA30064BA22 /* Project object */ = {
			isa = PBXProject;
			attributes = {
				BuildIndependentTargetsInParallel = 1;
				LastSwiftUpdateCheck = 1340;
				LastUpgradeCheck = 1340;
				TargetAttributes = {
					CE4376CB28CB8EA30064BA22 = {
						CreatedOnToolsVersion = 13.4.1;
					};
				};
			};
			buildConfigurationList = CE4376C728CB8EA30064BA22 /* Build configuration list for PBXProject "FlickrMaps" */;
			compatibilityVersion = "Xcode 13.0";
			developmentRegion = en;
			hasScannedForEncodings = 0;
			knownRegions = (
				en,
				Base,
			);
			mainGroup = CE4376C328CB8EA30064BA22;
			productRefGroup = CE4376CD28CB8EA30064BA22 /* Products */;
			projectDirPath = "";
			projectRoot = "";
			targets = (
				CE4376CB28CB8EA30064BA22 /* FlickrMaps */,
			);
		};
/* End PBXProject section */

/* Begin PBXResourcesBuildPhase section */
		CE4376CA28CB8EA30064BA22 /* Resources */ = {
			isa = PBXResourcesBuildPhase;
			buildActionMask = 2147483647;
			files = (
				CE4376DC28CB8EA60064BA22 /* LaunchScreen.storyboard in Resources */,
				CE4376D928CB8EA60064BA22 /* Assets.xcassets in Resources */,
				CE4376D728CB8EA30064BA22 /* Main.storyboard in Resources */,
			);
			runOnlyForDeploymentPostprocessing = 0;
		};
/* End PBXResourcesBuildPhase section */

/* Begin PBXShellScriptBuildPhase section */
		B4EB7EDA838F9CABB4431F34 /* [CP] Copy Pods Resources */ = {
			isa = PBXShellScriptBuildPhase;
			buildActionMask = 2147483647;
			files = (
			);
			inputFileListPaths = (
				"${PODS_ROOT}/Target Support Files/Pods-FlickrMaps/Pods-FlickrMaps-resources-${CONFIGURATION}-input-files.xcfilelist",
			);
			name = "[CP] Copy Pods Resources";
			outputFileListPaths = (
				"${PODS_ROOT}/Target Support Files/Pods-FlickrMaps/Pods-FlickrMaps-resources-${CONFIGURATION}-output-files.xcfilelist",
			);
			runOnlyForDeploymentPostprocessing = 0;
			shellPath = /bin/sh;
			shellScript = "\"${PODS_ROOT}/Target Support Files/Pods-FlickrMaps/Pods-FlickrMaps-resources.sh\"\n";
			showEnvVarsInLog = 0;
		};
		E5A8CB0B02CAD1D4D8283485 /* [CP] Check Pods Manifest.lock */ = {
			isa = PBXShellScriptBuildPhase;
			buildActionMask = 2147483647;
			files = (
			);
			inputFileListPaths = (
			);
			inputPaths = (
				"${PODS_PODFILE_DIR_PATH}/Podfile.lock",
				"${PODS_ROOT}/Manifest.lock",
			);
			name = "[CP] Check Pods Manifest.lock";
			outputFileListPaths = (
			);
			outputPaths = (
				"$(DERIVED_FILE_DIR)/Pods-FlickrMaps-checkManifestLockResult.txt",
			);
			runOnlyForDeploymentPostprocessing = 0;
			shellPath = /bin/sh;
			shellScript = "diff \"${PODS_PODFILE_DIR_PATH}/Podfile.lock\" \"${PODS_ROOT}/Manifest.lock\" > /dev/null\nif [ $? != 0 ] ; then\n    # print error to STDERR\n    echo \"error: The sandbox is not in sync with the Podfile.lock. Run 'pod install' or update your CocoaPods installation.\" >&2\n    exit 1\nfi\n# This output is used by Xcode 'outputs' to avoid re-running this script phase.\necho \"SUCCESS\" > \"${SCRIPT_OUTPUT_FILE_0}\"\n";
			showEnvVarsInLog = 0;
		};
/* End PBXShellScriptBuildPhase section */

/* Begin PBXSourcesBuildPhase section */
		CE4376C828CB8EA30064BA22 /* Sources */ = {
			isa = PBXSourcesBuildPhase;
			buildActionMask = 2147483647;
			files = (
				CE4376D428CB8EA30064BA22 /* ViewController.swift in Sources */,
				CE4376D028CB8EA30064BA22 /* AppDelegate.swift in Sources */,
				CE4376D228CB8EA30064BA22 /* SceneDelegate.swift in Sources */,
			);
			runOnlyForDeploymentPostprocessing = 0;
		};
/* End PBXSourcesBuildPhase section */

/* Begin PBXVariantGroup section */
		CE4376D528CB8EA30064BA22 /* Main.storyboard */ = {
			isa = PBXVariantGroup;
			children = (
				CE4376D628CB8EA30064BA22 /* Base */,
			);
			name = Main.storyboard;
			sourceTree = "<group>";
		};
		CE4376DA28CB8EA60064BA22 /* LaunchScreen.storyboard */ = {
			isa = PBXVariantGroup;
			children = (
				CE4376DB28CB8EA60064BA22 /* Base */,
			);
			name = LaunchScreen.storyboard;
			sourceTree = "<group>";
		};
/* End PBXVariantGroup section */

/* Begin XCBuildConfiguration section */
		CE4376DE28CB8EA60064BA22 /* Debug */ = {
			isa = XCBuildConfiguration;
			buildSettings = {
				ALWAYS_SEARCH_USER_PATHS = NO;
				CLANG_ANALYZER_NONNULL = YES;
				CLANG_ANALYZER_NUMBER_OBJECT_CONVERSION = YES_AGGRESSIVE;
				CLANG_CXX_LANGUAGE_STANDARD = "gnu++17";
				CLANG_ENABLE_MODULES = YES;
				CLANG_ENABLE_OBJC_ARC = YES;
				CLANG_ENABLE_OBJC_WEAK = YES;
				CLANG_WARN_BLOCK_CAPTURE_AUTORELEASING = YES;
				CLANG_WARN_BOOL_CONVERSION = YES;
				CLANG_WARN_COMMA = YES;
				CLANG_WARN_CONSTANT_CONVERSION = YES;
				CLANG_WARN_DEPRECATED_OBJC_IMPLEMENTATIONS = YES;
				CLANG_WARN_DIRECT_OBJC_ISA_USAGE = YES_ERROR;
				CLANG_WARN_DOCUMENTATION_COMMENTS = YES;
				CLANG_WARN_EMPTY_BODY = YES;
				CLANG_WARN_ENUM_CONVERSION = YES;
				CLANG_WARN_INFINITE_RECURSION = YES;
				CLANG_WARN_INT_CONVERSION = YES;
				CLANG_WARN_NON_LITERAL_NULL_CONVERSION = YES;
				CLANG_WARN_OBJC_IMPLICIT_RETAIN_SELF = YES;
				CLANG_WARN_OBJC_LITERAL_CONVERSION = YES;
				CLANG_WARN_OBJC_ROOT_CLASS = YES_ERROR;
				CLANG_WARN_QUOTED_INCLUDE_IN_FRAMEWORK_HEADER = YES;
				CLANG_WARN_RANGE_LOOP_ANALYSIS = YES;
				CLANG_WARN_STRICT_PROTOTYPES = YES;
				CLANG_WARN_SUSPICIOUS_MOVE = YES;
				CLANG_WARN_UNGUARDED_AVAILABILITY = YES_AGGRESSIVE;
				CLANG_WARN_UNREACHABLE_CODE = YES;
				CLANG_WARN__DUPLICATE_METHOD_MATCH = YES;
				COPY_PHASE_STRIP = NO;
				DEBUG_INFORMATION_FORMAT = dwarf;
				ENABLE_STRICT_OBJC_MSGSEND = YES;
				ENABLE_TESTABILITY = YES;
				GCC_C_LANGUAGE_STANDARD = gnu11;
				GCC_DYNAMIC_NO_PIC = NO;
				GCC_NO_COMMON_BLOCKS = YES;
				GCC_OPTIMIZATION_LEVEL = 0;
				GCC_PREPROCESSOR_DEFINITIONS = (
					"DEBUG=1",
					"$(inherited)",
				);
				GCC_WARN_64_TO_32_BIT_CONVERSION = YES;
				GCC_WARN_ABOUT_RETURN_TYPE = YES_ERROR;
				GCC_WARN_UNDECLARED_SELECTOR = YES;
				GCC_WARN_UNINITIALIZED_AUTOS = YES_AGGRESSIVE;
				GCC_WARN_UNUSED_FUNCTION = YES;
				GCC_WARN_UNUSED_VARIABLE = YES;
				IPHONEOS_DEPLOYMENT_TARGET = 15.5;
				MTL_ENABLE_DEBUG_INFO = INCLUDE_SOURCE;
				MTL_FAST_MATH = YES;
				ONLY_ACTIVE_ARCH = YES;
				SDKROOT = iphoneos;
				SWIFT_ACTIVE_COMPILATION_CONDITIONS = DEBUG;
				SWIFT_OPTIMIZATION_LEVEL = "-Onone";
			};
			name = Debug;
		};
		CE4376DF28CB8EA60064BA22 /* Release */ = {
			isa = XCBuildConfiguration;
			buildSettings = {
				ALWAYS_SEARCH_USER_PATHS = NO;
				CLANG_ANALYZER_NONNULL = YES;
				CLANG_ANALYZER_NUMBER_OBJECT_CONVERSION = YES_AGGRESSIVE;
				CLANG_CXX_LANGUAGE_STANDARD = "gnu++17";
				CLANG_ENABLE_MODULES = YES;
				CLANG_ENABLE_OBJC_ARC = YES;
				CLANG_ENABLE_OBJC_WEAK = YES;
				CLANG_WARN_BLOCK_CAPTURE_AUTORELEASING = YES;
				CLANG_WARN_BOOL_CONVERSION = YES;
				CLANG_WARN_COMMA = YES;
				CLANG_WARN_CONSTANT_CONVERSION = YES;
				CLANG_WARN_DEPRECATED_OBJC_IMPLEMENTATIONS = YES;
				CLANG_WARN_DIRECT_OBJC_ISA_USAGE = YES_ERROR;
				CLANG_WARN_DOCUMENTATION_COMMENTS = YES;
				CLANG_WARN_EMPTY_BODY = YES;
				CLANG_WARN_ENUM_CONVERSION = YES;
				CLANG_WARN_INFINITE_RECURSION = YES;
				CLANG_WARN_INT_CONVERSION = YES;
				CLANG_WARN_NON_LITERAL_NULL_CONVERSION = YES;
				CLANG_WARN_OBJC_IMPLICIT_RETAIN_SELF = YES;
				CLANG_WARN_OBJC_LITERAL_CONVERSION = YES;
				CLANG_WARN_OBJC_ROOT_CLASS = YES_ERROR;
				CLANG_WARN_QUOTED_INCLUDE_IN_FRAMEWORK_HEADER = YES;
				CLANG_WARN_RANGE_LOOP_ANALYSIS = YES;
				CLANG_WARN_STRICT_PROTOTYPES = YES;
				CLANG_WARN_SUSPICIOUS_MOVE = YES;
				CLANG_WARN_UNGUARDED_AVAILABILITY = YES_AGGRESSIVE;
				CLANG_WARN_UNREACHABLE_CODE = YES;
				CLANG_WARN__DUPLICATE_METHOD_MATCH = YES;
				COPY_PHASE_STRIP = NO;
				DEBUG_INFORMATION_FORMAT = "dwarf-with-dsym";
				ENABLE_NS_ASSERTIONS = NO;
				ENABLE_STRICT_OBJC_MSGSEND = YES;
				GCC_C_LANGUAGE_STANDARD = gnu11;
				GCC_NO_COMMON_BLOCKS = YES;
				GCC_WARN_64_TO_32_BIT_CONVERSION = YES;
				GCC_WARN_ABOUT_RETURN_TYPE = YES_ERROR;
				GCC_WARN_UNDECLARED_SELECTOR = YES;
				GCC_WARN_UNINITIALIZED_AUTOS = YES_AGGRESSIVE;
				GCC_WARN_UNUSED_FUNCTION = YES;
				GCC_WARN_UNUSED_VARIABLE = YES;
				IPHONEOS_DEPLOYMENT_TARGET = 15.5;
				MTL_ENABLE_DEBUG_INFO = NO;
				MTL_FAST_MATH = YES;
				SDKROOT = iphoneos;
				SWIFT_COMPILATION_MODE = wholemodule;
				SWIFT_OPTIMIZATION_LEVEL = "-O";
				VALIDATE_PRODUCT = YES;
			};
			name = Release;
		};
		CE4376E128CB8EA60064BA22 /* Debug */ = {
			isa = XCBuildConfiguration;
			baseConfigurationReference = FB1D8F85FD83702E1E913028 /* Pods-FlickrMaps.debug.xcconfig */;
			buildSettings = {
				ASSETCATALOG_COMPILER_APPICON_NAME = AppIcon;
				ASSETCATALOG_COMPILER_GLOBAL_ACCENT_COLOR_NAME = AccentColor;
				CODE_SIGN_STYLE = Automatic;
				CURRENT_PROJECT_VERSION = 1;
				GENERATE_INFOPLIST_FILE = YES;
				INFOPLIST_FILE = FlickrMaps/Info.plist;
				INFOPLIST_KEY_NSLocationWhenInUseUsageDescription = "I want to use your site";
				INFOPLIST_KEY_UIApplicationSupportsIndirectInputEvents = YES;
				INFOPLIST_KEY_UILaunchStoryboardName = LaunchScreen;
				INFOPLIST_KEY_UIMainStoryboardFile = Main;
				INFOPLIST_KEY_UISupportedInterfaceOrientations_iPad = "UIInterfaceOrientationPortrait UIInterfaceOrientationPortraitUpsideDown UIInterfaceOrientationLandscapeLeft UIInterfaceOrientationLandscapeRight";
				INFOPLIST_KEY_UISupportedInterfaceOrientations_iPhone = "UIInterfaceOrientationPortrait UIInterfaceOrientationLandscapeLeft UIInterfaceOrientationLandscapeRight";
				LD_RUNPATH_SEARCH_PATHS = (
					"$(inherited)",
					"@executable_path/Frameworks",
				);
				MARKETING_VERSION = 1.0;
				PRODUCT_BUNDLE_IDENTIFIER = com.example.FlickrMaps;
				PRODUCT_NAME = "$(TARGET_NAME)";
				SWIFT_EMIT_LOC_STRINGS = YES;
				SWIFT_VERSION = 5.0;
				TARGETED_DEVICE_FAMILY = "1,2";
			};
			name = Debug;
		};
		CE4376E228CB8EA60064BA22 /* Release */ = {
			isa = XCBuildConfiguration;
			baseConfigurationReference = EE0B5E237CEC6C6C9E7F3C4C /* Pods-FlickrMaps.release.xcconfig */;
			buildSettings = {
				ASSETCATALOG_COMPILER_APPICON_NAME = AppIcon;
				ASSETCATALOG_COMPILER_GLOBAL_ACCENT_COLOR_NAME = AccentColor;
				CODE_SIGN_STYLE = Automatic;
				CURRENT_PROJECT_VERSION = 1;
				GENERATE_INFOPLIST_FILE = YES;
				INFOPLIST_FILE = FlickrMaps/Info.plist;
				INFOPLIST_KEY_NSLocationWhenInUseUsageDescription = "I want to use your site";
				INFOPLIST_KEY_UIApplicationSupportsIndirectInputEvents = YES;
				INFOPLIST_KEY_UILaunchStoryboardName = LaunchScreen;
				INFOPLIST_KEY_UIMainStoryboardFile = Main;
				INFOPLIST_KEY_UISupportedInterfaceOrientations_iPad = "UIInterfaceOrientationPortrait UIInterfaceOrientationPortraitUpsideDown UIInterfaceOrientationLandscapeLeft UIInterfaceOrientationLandscapeRight";
				INFOPLIST_KEY_UISupportedInterfaceOrientations_iPhone = "UIInterfaceOrientationPortrait UIInterfaceOrientationLandscapeLeft UIInterfaceOrientationLandscapeRight";
				LD_RUNPATH_SEARCH_PATHS = (
					"$(inherited)",
					"@executable_path/Frameworks",
				);
				MARKETING_VERSION = 1.0;
				PRODUCT_BUNDLE_IDENTIFIER = com.example.FlickrMaps;
				PRODUCT_NAME = "$(TARGET_NAME)";
				SWIFT_EMIT_LOC_STRINGS = YES;
				SWIFT_VERSION = 5.0;
				TARGETED_DEVICE_FAMILY = "1,2";
			};
			name = Release;
		};
/* End XCBuildConfiguration section */

/* Begin XCConfigurationList section */
		CE4376C728CB8EA30064BA22 /* Build configuration list for PBXProject "FlickrMaps" */ = {
			isa = XCConfigurationList;
			buildConfigurations = (
				CE4376DE28CB8EA60064BA22 /* Debug */,
				CE4376DF28CB8EA60064BA22 /* Release */,
			);
			defaultConfigurationIsVisible = 0;
			defaultConfigurationName = Release;
		};
		CE4376E028CB8EA60064BA22 /* Build configuration list for PBXNativeTarget "FlickrMaps" */ = {
			isa = XCConfigurationList;
			buildConfigurations = (
				CE4376E128CB8EA60064BA22 /* Debug */,
				CE4376E228CB8EA60064BA22 /* Release */,
			);
			defaultConfigurationIsVisible = 0;
			defaultConfigurationName = Release;
		};
/* End XCConfigurationList section */
	};
	rootObject = CE4376C428CB8EA30064BA22 /* Project object */;
}
